
Microsoft Visual Studio Solution File, Format Version 12.00
# Visual Studio 15
VisualStudioVersion = 15.0.28307.1145
MinimumVisualStudioVersion = 10.0.40219.1
Project("{FAE04EC0-301F-11D3-BF4B-00C04F79EFBC}") = "Lands.Android", "Lands\Lands.Android\Lands.Android.csproj", "{192C190A-591E-44D3-9427-7C0DCF0D24F4}"
EndProject
Project("{FAE04EC0-301F-11D3-BF4B-00C04F79EFBC}") = "Lands.iOS", "Lands\Lands.iOS\Lands.iOS.csproj", "{F8734F9A-B0BE-4425-9CBA-03AD29A36AD2}"
EndProject
Project("{FAE04EC0-301F-11D3-BF4B-00C04F79EFBC}") = "Lands", "Lands\Lands\Lands.csproj", "{5A9FD7A1-F0D8-4A26-A53E-B3BC0935030B}"
EndProject
Global
	GlobalSection(SolutionConfigurationPlatforms) = preSolution
		Ad-Hoc|Any CPU = Ad-Hoc|Any CPU
		Ad-Hoc|iPhone = Ad-Hoc|iPhone
		Ad-Hoc|iPhoneSimulator = Ad-Hoc|iPhoneSimulator
		AppStore|Any CPU = AppStore|Any CPU
		AppStore|iPhone = AppStore|iPhone
		AppStore|iPhoneSimulator = AppStore|iPhoneSimulator
		Debug|Any CPU = Debug|Any CPU
		Debug|iPhone = Debug|iPhone
		Debug|iPhoneSimulator = Debug|iPhoneSimulator
		Release|Any CPU = Release|Any CPU
		Release|iPhone = Release|iPhone
		Release|iPhoneSimulator = Release|iPhoneSimulator
	EndGlobalSection
	GlobalSection(ProjectConfigurationPlatforms) = postSolution
		{192C190A-591E-44D3-9427-7C0DCF0D24F4}.Ad-Hoc|Any CPU.ActiveCfg = Release|Any CPU
		{192C190A-591E-44D3-9427-7C0DCF0D24F4}.Ad-Hoc|Any CPU.Build.0 = Release|Any CPU
		{192C190A-591E-44D3-9427-7C0DCF0D24F4}.Ad-Hoc|Any CPU.Deploy.0 = Release|Any CPU
		{192C190A-591E-44D3-9427-7C0DCF0D24F4}.Ad-Hoc|iPhone.ActiveCfg = Release|Any CPU
		{192C190A-591E-44D3-9427-7C0DCF0D24F4}.Ad-Hoc|iPhone.Build.0 = Release|Any CPU
		{192C190A-591E-44D3-9427-7C0DCF0D24F4}.Ad-Hoc|iPhone.Deploy.0 = Release|Any CPU
		{192C190A-591E-44D3-9427-7C0DCF0D24F4}.Ad-Hoc|iPhoneSimulator.ActiveCfg = Release|Any CPU
		{192C190A-591E-44D3-9427-7C0DCF0D24F4}.Ad-Hoc|iPhoneSimulator.Build.0 = Release|Any CPU
		{192C190A-591E-44D3-9427-7C0DCF0D24F4}.Ad-Hoc|iPhoneSimulator.Deploy.0 = Release|Any CPU
		{192C190A-591E-44D3-9427-7C0DCF0D24F4}.AppStore|Any CPU.ActiveCfg = Release|Any CPU
		{192C190A-591E-44D3-9427-7C0DCF0D24F4}.AppStore|Any CPU.Build.0 = Release|Any CPU
		{192C190A-591E-44D3-9427-7C0DCF0D24F4}.AppStore|Any CPU.Deploy.0 = Release|Any CPU
		{192C190A-591E-44D3-9427-7C0DCF0D24F4}.AppStore|iPhone.ActiveCfg = Release|Any CPU
		{192C190A-591E-44D3-9427-7C0DCF0D24F4}.AppStore|iPhone.Build.0 = Release|Any CPU
		{192C190A-591E-44D3-9427-7C0DCF0D24F4}.AppStore|iPhone.Deploy.0 = Release|Any CPU
		{192C190A-591E-44D3-9427-7C0DCF0D24F4}.AppStore|iPhoneSimulator.ActiveCfg = Release|Any CPU
		{192C190A-591E-44D3-9427-7C0DCF0D24F4}.AppStore|iPhoneSimulator.Build.0 = Release|Any CPU
		{192C190A-591E-44D3-9427-7C0DCF0D24F4}.AppStore|iPhoneSimulator.Deploy.0 = Release|Any CPU
		{192C190A-591E-44D3-9427-7C0DCF0D24F4}.Debug|Any CPU.ActiveCfg = Debug|Any CPU
		{192C190A-591E-44D3-9427-7C0DCF0D24F4}.Debug|Any CPU.Build.0 = Debug|Any CPU
		{192C190A-591E-44D3-9427-7C0DCF0D24F4}.Debug|Any CPU.Deploy.0 = Debug|Any CPU
		{192C190A-591E-44D3-9427-7C0DCF0D24F4}.Debug|iPhone.ActiveCfg = Debug|Any CPU
		{192C190A-591E-44D3-9427-7C0DCF0D24F4}.Debug|iPhone.Build.0 = Debug|Any CPU
		{192C190A-591E-44D3-9427-7C0DCF0D24F4}.Debug|iPhone.Deploy.0 = Debug|Any CPU
		{192C190A-591E-44D3-9427-7C0DCF0D24F4}.Debug|iPhoneSimulator.ActiveCfg = Debug|Any CPU
		{192C190A-591E-44D3-9427-7C0DCF0D24F4}.Debug|iPhoneSimulator.Build.0 = Debug|Any CPU
		{192C190A-591E-44D3-9427-7C0DCF0D24F4}.Debug|iPhoneSimulator.Deploy.0 = Debug|Any CPU
		{192C190A-591E-44D3-9427-7C0DCF0D24F4}.Release|Any CPU.ActiveCfg = Release|Any CPU
		{192C190A-591E-44D3-9427-7C0DCF0D24F4}.Release|Any CPU.Build.0 = Release|Any CPU
		{192C190A-591E-44D3-9427-7C0DCF0D24F4}.Release|Any CPU.Deploy.0 = Release|Any CPU
		{192C190A-591E-44D3-9427-7C0DCF0D24F4}.Release|iPhone.ActiveCfg = Release|Any CPU
		{192C190A-591E-44D3-9427-7C0DCF0D24F4}.Release|iPhone.Build.0 = Release|Any CPU
		{192C190A-591E-44D3-9427-7C0DCF0D24F4}.Release|iPhone.Deploy.0 = Release|Any CPU
		{192C190A-591E-44D3-9427-7C0DCF0D24F4}.Release|iPhoneSimulator.ActiveCfg = Release|Any CPU
		{192C190A-591E-44D3-9427-7C0DCF0D24F4}.Release|iPhoneSimulator.Build.0 = Release|Any CPU
		{192C190A-591E-44D3-9427-7C0DCF0D24F4}.Release|iPhoneSimulator.Deploy.0 = Release|Any CPU
		{F8734F9A-B0BE-4425-9CBA-03AD29A36AD2}.Ad-Hoc|Any CPU.ActiveCfg = Ad-Hoc|iPhone
		{F8734F9A-B0BE-4425-9CBA-03AD29A36AD2}.Ad-Hoc|Any CPU.Build.0 = Ad-Hoc|iPhone
		{F8734F9A-B0BE-4425-9CBA-03AD29A36AD2}.Ad-Hoc|Any CPU.Deploy.0 = Ad-Hoc|iPhone
		{F8734F9A-B0BE-4425-9CBA-03AD29A36AD2}.Ad-Hoc|iPhone.ActiveCfg = Ad-Hoc|iPhone
		{F8734F9A-B0BE-4425-9CBA-03AD29A36AD2}.Ad-Hoc|iPhone.Build.0 = Ad-Hoc|iPhone
		{F8734F9A-B0BE-4425-9CBA-03AD29A36AD2}.Ad-Hoc|iPhone.Deploy.0 = Ad-Hoc|iPhone
		{F8734F9A-B0BE-4425-9CBA-03AD29A36AD2}.Ad-Hoc|iPhoneSimulator.ActiveCfg = Ad-Hoc|iPhoneSimulator
		{F8734F9A-B0BE-4425-9CBA-03AD29A36AD2}.Ad-Hoc|iPhoneSimulator.Build.0 = Ad-Hoc|iPhoneSimulator
		{F8734F9A-B0BE-4425-9CBA-03AD29A36AD2}.Ad-Hoc|iPhoneSimulator.Deploy.0 = Ad-Hoc|iPhoneSimulator
		{F8734F9A-B0BE-4425-9CBA-03AD29A36AD2}.AppStore|Any CPU.ActiveCfg = AppStore|iPhone
		{F8734F9A-B0BE-4425-9CBA-03AD29A36AD2}.AppStore|Any CPU.Build.0 = AppStore|iPhone
		{F8734F9A-B0BE-4425-9CBA-03AD29A36AD2}.AppStore|Any CPU.Deploy.0 = AppStore|iPhone
		{F8734F9A-B0BE-4425-9CBA-03AD29A36AD2}.AppStore|iPhone.ActiveCfg = AppStore|iPhone
		{F8734F9A-B0BE-4425-9CBA-03AD29A36AD2}.AppStore|iPhone.Build.0 = AppStore|iPhone
		{F8734F9A-B0BE-4425-9CBA-03AD29A36AD2}.AppStore|iPhone.Deploy.0 = AppStore|iPhone
		{F8734F9A-B0BE-4425-9CBA-03AD29A36AD2}.AppStore|iPhoneSimulator.ActiveCfg = AppStore|iPhoneSimulator
		{F8734F9A-B0BE-4425-9CBA-03AD29A36AD2}.AppStore|iPhoneSimulator.Build.0 = AppStore|iPhoneSimulator
		{F8734F9A-B0BE-4425-9CBA-03AD29A36AD2}.AppStore|iPhoneSimulator.Deploy.0 = AppStore|iPhoneSimulator
		{F8734F9A-B0BE-4425-9CBA-03AD29A36AD2}.Debug|Any CPU.ActiveCfg = Debug|iPhoneSimulator
		{F8734F9A-B0BE-4425-9CBA-03AD29A36AD2}.Debug|Any CPU.Build.0 = Debug|iPhoneSimulator
		{F8734F9A-B0BE-4425-9CBA-03AD29A36AD2}.Debug|Any CPU.Deploy.0 = Debug|iPhoneSimulator
		{F8734F9A-B0BE-4425-9CBA-03AD29A36AD2}.Debug|iPhone.ActiveCfg = Debug|iPhone
		{F8734F9A-B0BE-4425-9CBA-03AD29A36AD2}.Debug|iPhone.Build.0 = Debug|iPhone
		{F8734F9A-B0BE-4425-9CBA-03AD29A36AD2}.Debug|iPhone.Deploy.0 = Debug|iPhone
		{F8734F9A-B0BE-4425-9CBA-03AD29A36AD2}.Debug|iPhoneSimulator.ActiveCfg = Debug|iPhoneSimulator
		{F8734F9A-B0BE-4425-9CBA-03AD29A36AD2}.Debug|iPhoneSimulator.Build.0 = Debug|iPhoneSimulator
		{F8734F9A-B0BE-4425-9CBA-03AD29A36AD2}.Debug|iPhoneSimulator.Deploy.0 = Debug|iPhoneSimulator
		{F8734F9A-B0BE-4425-9CBA-03AD29A36AD2}.Release|Any CPU.ActiveCfg = Release|iPhone
		{F8734F9A-B0BE-4425-9CBA-03AD29A36AD2}.Release|Any CPU.Build.0 = Release|iPhone
		{F8734F9A-B0BE-4425-9CBA-03AD29A36AD2}.Release|Any CPU.Deploy.0 = Release|iPhone
		{F8734F9A-B0BE-4425-9CBA-03AD29A36AD2}.Release|iPhone.ActiveCfg = Release|iPhone
		{F8734F9A-B0BE-4425-9CBA-03AD29A36AD2}.Release|iPhone.Build.0 = Release|iPhone
		{F8734F9A-B0BE-4425-9CBA-03AD29A36AD2}.Release|iPhone.Deploy.0 = Release|iPhone
		{F8734F9A-B0BE-4425-9CBA-03AD29A36AD2}.Release|iPhoneSimulator.ActiveCfg = Release|iPhoneSimulator
		{F8734F9A-B0BE-4425-9CBA-03AD29A36AD2}.Release|iPhoneSimulator.Build.0 = Release|iPhoneSimulator
		{F8734F9A-B0BE-4425-9CBA-03AD29A36AD2}.Release|iPhoneSimulator.Deploy.0 = Release|iPhoneSimulator
		{5A9FD7A1-F0D8-4A26-A53E-B3BC0935030B}.Ad-Hoc|Any CPU.ActiveCfg = Debug|Any CPU
		{5A9FD7A1-F0D8-4A26-A53E-B3BC0935030B}.Ad-Hoc|Any CPU.Build.0 = Debug|Any CPU
		{5A9FD7A1-F0D8-4A26-A53E-B3BC0935030B}.Ad-Hoc|Any CPU.Deploy.0 = Debug|Any CPU
		{5A9FD7A1-F0D8-4A26-A53E-B3BC0935030B}.Ad-Hoc|iPhone.ActiveCfg = Debug|Any CPU
		{5A9FD7A1-F0D8-4A26-A53E-B3BC0935030B}.Ad-Hoc|iPhone.Build.0 = Debug|Any CPU
		{5A9FD7A1-F0D8-4A26-A53E-B3BC0935030B}.Ad-Hoc|iPhone.Deploy.0 = Debug|Any CPU
		{5A9FD7A1-F0D8-4A26-A53E-B3BC0935030B}.Ad-Hoc|iPhoneSimulator.ActiveCfg = Debug|Any CPU
		{5A9FD7A1-F0D8-4A26-A53E-B3BC0935030B}.Ad-Hoc|iPhoneSimulator.Build.0 = Debug|Any CPU
		{5A9FD7A1-F0D8-4A26-A53E-B3BC0935030B}.Ad-Hoc|iPhoneSimulator.Deploy.0 = Debug|Any CPU
		{5A9FD7A1-F0D8-4A26-A53E-B3BC0935030B}.AppStore|Any CPU.ActiveCfg = Debug|Any CPU
		{5A9FD7A1-F0D8-4A26-A53E-B3BC0935030B}.AppStore|Any CPU.Build.0 = Debug|Any CPU
		{5A9FD7A1-F0D8-4A26-A53E-B3BC0935030B}.AppStore|Any CPU.Deploy.0 = Debug|Any CPU
		{5A9FD7A1-F0D8-4A26-A53E-B3BC0935030B}.AppStore|iPhone.ActiveCfg = Debug|Any CPU
		{5A9FD7A1-F0D8-4A26-A53E-B3BC0935030B}.AppStore|iPhone.Build.0 = Debug|Any CPU
		{5A9FD7A1-F0D8-4A26-A53E-B3BC0935030B}.AppStore|iPhone.Deploy.0 = Debug|Any CPU
		{5A9FD7A1-F0D8-4A26-A53E-B3BC0935030B}.AppStore|iPhoneSimulator.ActiveCfg = Debug|Any CPU
		{5A9FD7A1-F0D8-4A26-A53E-B3BC0935030B}.AppStore|iPhoneSimulator.Build.0 = Debug|Any CPU
		{5A9FD7A1-F0D8-4A26-A53E-B3BC0935030B}.AppStore|iPhoneSimulator.Deploy.0 = Debug|Any CPU
		{5A9FD7A1-F0D8-4A26-A53E-B3BC0935030B}.Debug|Any CPU.ActiveCfg = Debug|Any CPU
		{5A9FD7A1-F0D8-4A26-A53E-B3BC0935030B}.Debug|Any CPU.Build.0 = Debug|Any CPU
		{5A9FD7A1-F0D8-4A26-A53E-B3BC0935030B}.Debug|Any CPU.Deploy.0 = Debug|Any CPU
		{5A9FD7A1-F0D8-4A26-A53E-B3BC0935030B}.Debug|iPhone.ActiveCfg = Debug|Any CPU
		{5A9FD7A1-F0D8-4A26-A53E-B3BC0935030B}.Debug|iPhone.Build.0 = Debug|Any CPU
		{5A9FD7A1-F0D8-4A26-A53E-B3BC0935030B}.Debug|iPhone.Deploy.0 = Debug|Any CPU
		{5A9FD7A1-F0D8-4A26-A53E-B3BC0935030B}.Debug|iPhoneSimulator.ActiveCfg = Debug|Any CPU
		{5A9FD7A1-F0D8-4A26-A53E-B3BC0935030B}.Debug|iPhoneSimulator.Build.0 = Debug|Any CPU
		{5A9FD7A1-F0D8-4A26-A53E-B3BC0935030B}.Debug|iPhoneSimulator.Deploy.0 = Debug|Any CPU
		{5A9FD7A1-F0D8-4A26-A53E-B3BC0935030B}.Release|Any CPU.ActiveCfg = Release|Any CPU
		{5A9FD7A1-F0D8-4A26-A53E-B3BC0935030B}.Release|Any CPU.Build.0 = Release|Any CPU
		{5A9FD7A1-F0D8-4A26-A53E-B3BC0935030B}.Release|Any CPU.Deploy.0 = Release|Any CPU
		{5A9FD7A1-F0D8-4A26-A53E-B3BC0935030B}.Release|iPhone.ActiveCfg = Release|Any CPU
		{5A9FD7A1-F0D8-4A26-A53E-B3BC0935030B}.Release|iPhone.Build.0 = Release|Any CPU
		{5A9FD7A1-F0D8-4A26-A53E-B3BC0935030B}.Release|iPhone.Deploy.0 = Release|Any CPU
		{5A9FD7A1-F0D8-4A26-A53E-B3BC0935030B}.Release|iPhoneSimulator.ActiveCfg = Release|Any CPU
		{5A9FD7A1-F0D8-4A26-A53E-B3BC0935030B}.Release|iPhoneSimulator.Build.0 = Release|Any CPU
		{5A9FD7A1-F0D8-4A26-A53E-B3BC0935030B}.Release|iPhoneSimulator.Deploy.0 = Release|Any CPU
	EndGlobalSection
	GlobalSection(SolutionProperties) = preSolution
		HideSolutionNode = FALSE
	EndGlobalSection
	GlobalSection(ExtensibilityGlobals) = postSolution
		SolutionGuid = {2903F15A-C97F-400C-A02F-C6450F856968}
	EndGlobalSection
EndGlobal
